
Microsoft Visual Studio Solution File, Format Version 12.00
# Visual Studio Version 17
VisualStudioVersion = 17.10.35122.118
MinimumVisualStudioVersion = 10.0.40219.1
Project("{FAE04EC0-301F-11D3-BF4B-00C04F79EFBC}") = "DateTime.NodaTime", "DateTime.NodaTime\DateTime.NodaTime.csproj", "{E33C364A-8AFC-414A-AB07-7C376900C2B5}"
EndProject
Global
	GlobalSection(SolutionConfigurationPlatforms) = preSolution
		Debug|Any CPU = Debug|Any CPU
		Release|Any CPU = Release|Any CPU
	EndGlobalSection
	GlobalSection(ProjectConfigurationPlatforms) = postSolution
		{E33C364A-8AFC-414A-AB07-7C376900C2B5}.Debug|Any CPU.ActiveCfg = Debug|Any CPU
		{E33C364A-8AFC-414A-AB07-7C376900C2B5}.Debug|Any CPU.Build.0 = Debug|Any CPU
		{E33C364A-8AFC-414A-AB07-7C376900C2B5}.Release|Any CPU.ActiveCfg = Release|Any CPU
		{E33C364A-8AFC-414A-AB07-7C376900C2B5}.Release|Any CPU.Build.0 = Release|Any CPU
	EndGlobalSection
	GlobalSection(SolutionProperties) = preSolution
		HideSolutionNode = FALSE
	EndGlobalSection
	GlobalSection(ExtensibilityGlobals) = postSolution
		SolutionGuid = {337265BE-1237-40A3-A89A-BAC05AD8D817}
	EndGlobalSection
EndGlobal
